
Microsoft Visual Studio Solution File, Format Version 12.00
# Visual Studio Version 16
VisualStudioVersion = 16.0.29613.14
MinimumVisualStudioVersion = 10.0.40219.1
Project("{FAE04EC0-301F-11D3-BF4B-00C04F79EFBC}") = "SalesWebMvc", "SalesWebMvc\SalesWebMvc.csproj", "{964E402C-2164-4C40-BB93-7B009B8ACA93}"
EndProject
Global
	GlobalSection(SolutionConfigurationPlatforms) = preSolution
		Debug|Any CPU = Debug|Any CPU
		Release|Any CPU = Release|Any CPU
	EndGlobalSection
	GlobalSection(ProjectConfigurationPlatforms) = postSolution
		{964E402C-2164-4C40-BB93-7B009B8ACA93}.Debug|Any CPU.ActiveCfg = Debug|Any CPU
		{964E402C-2164-4C40-BB93-7B009B8ACA93}.Debug|Any CPU.Build.0 = Debug|Any CPU
		{964E402C-2164-4C40-BB93-7B009B8ACA93}.Release|Any CPU.ActiveCfg = Release|Any CPU
		{964E402C-2164-4C40-BB93-7B009B8ACA93}.Release|Any CPU.Build.0 = Release|Any CPU
	EndGlobalSection
	GlobalSection(SolutionProperties) = preSolution
		HideSolutionNode = FALSE
	EndGlobalSection
	GlobalSection(ExtensibilityGlobals) = postSolution
		SolutionGuid = {F84B7CA7-1EC7-4FB3-8803-E844BF846F0A}
	EndGlobalSection
EndGlobal
